
Microsoft Visual Studio Solution File, Format Version 12.00
# Visual Studio Version 16
VisualStudioVersion = 16.0.30804.86
MinimumVisualStudioVersion = 10.0.40219.1
Project("{F184B08F-C81C-45F6-A57F-5ABD9991F28F}") = "Arcade Timer", "Arcade Timer\Arcade Timer.vbproj", "{BCB7970D-9B76-4B67-8482-950FA9F6DB0D}"
EndProject
Project("{F184B08F-C81C-45F6-A57F-5ABD9991F28F}") = "Arcade Prelaunch", "Arcade Prelaunch\Arcade Prelaunch.vbproj", "{41D900CB-0BB5-46A3-AA6A-F972D5E6576C}"
EndProject
Project("{F184B08F-C81C-45F6-A57F-5ABD9991F28F}") = "Arcade Config", "Arcade Config\Arcade Config.vbproj", "{086FBD4D-239D-4754-989A-255A79C70F4C}"
EndProject
Project("{F184B08F-C81C-45F6-A57F-5ABD9991F28F}") = "SAandT_SharedCode", "SAandT_SharedCode\SAandT_SharedCode.vbproj", "{B2302B33-75F5-41E1-80DB-E06BAD8FE523}"
EndProject
Project("{F184B08F-C81C-45F6-A57F-5ABD9991F28F}") = "SAandT_SQLiteDataAdmin", "SAandT_SQLiteDataAdmin\SAandT_SQLiteDataAdmin.vbproj", "{441DD72B-316E-4D94-A3A3-7F1863BF8AFE}"
EndProject
Global
	GlobalSection(SolutionConfigurationPlatforms) = preSolution
		Debug|Any CPU = Debug|Any CPU
		Release|Any CPU = Release|Any CPU
	EndGlobalSection
	GlobalSection(ProjectConfigurationPlatforms) = postSolution
		{BCB7970D-9B76-4B67-8482-950FA9F6DB0D}.Debug|Any CPU.ActiveCfg = Debug|Any CPU
		{BCB7970D-9B76-4B67-8482-950FA9F6DB0D}.Debug|Any CPU.Build.0 = Debug|Any CPU
		{BCB7970D-9B76-4B67-8482-950FA9F6DB0D}.Release|Any CPU.ActiveCfg = Release|Any CPU
		{BCB7970D-9B76-4B67-8482-950FA9F6DB0D}.Release|Any CPU.Build.0 = Release|Any CPU
		{41D900CB-0BB5-46A3-AA6A-F972D5E6576C}.Debug|Any CPU.ActiveCfg = Debug|Any CPU
		{41D900CB-0BB5-46A3-AA6A-F972D5E6576C}.Debug|Any CPU.Build.0 = Debug|Any CPU
		{41D900CB-0BB5-46A3-AA6A-F972D5E6576C}.Release|Any CPU.ActiveCfg = Release|Any CPU
		{41D900CB-0BB5-46A3-AA6A-F972D5E6576C}.Release|Any CPU.Build.0 = Release|Any CPU
		{086FBD4D-239D-4754-989A-255A79C70F4C}.Debug|Any CPU.ActiveCfg = Debug|Any CPU
		{086FBD4D-239D-4754-989A-255A79C70F4C}.Debug|Any CPU.Build.0 = Debug|Any CPU
		{086FBD4D-239D-4754-989A-255A79C70F4C}.Release|Any CPU.ActiveCfg = Release|Any CPU
		{086FBD4D-239D-4754-989A-255A79C70F4C}.Release|Any CPU.Build.0 = Release|Any CPU
		{B2302B33-75F5-41E1-80DB-E06BAD8FE523}.Debug|Any CPU.ActiveCfg = Debug|Any CPU
		{B2302B33-75F5-41E1-80DB-E06BAD8FE523}.Debug|Any CPU.Build.0 = Debug|Any CPU
		{B2302B33-75F5-41E1-80DB-E06BAD8FE523}.Release|Any CPU.ActiveCfg = Release|Any CPU
		{B2302B33-75F5-41E1-80DB-E06BAD8FE523}.Release|Any CPU.Build.0 = Release|Any CPU
		{441DD72B-316E-4D94-A3A3-7F1863BF8AFE}.Debug|Any CPU.ActiveCfg = Debug|Any CPU
		{441DD72B-316E-4D94-A3A3-7F1863BF8AFE}.Debug|Any CPU.Build.0 = Debug|Any CPU
		{441DD72B-316E-4D94-A3A3-7F1863BF8AFE}.Release|Any CPU.ActiveCfg = Release|Any CPU
		{441DD72B-316E-4D94-A3A3-7F1863BF8AFE}.Release|Any CPU.Build.0 = Release|Any CPU
	EndGlobalSection
	GlobalSection(SolutionProperties) = preSolution
		HideSolutionNode = FALSE
	EndGlobalSection
	GlobalSection(ExtensibilityGlobals) = postSolution
		SolutionGuid = {D0726223-9119-47BC-ACB5-FAAE2B33ECA6}
	EndGlobalSection
EndGlobal
